
Microsoft Visual Studio Solution File, Format Version 12.00
# Visual Studio Version 17
VisualStudioVersion = 17.14.36511.14
MinimumVisualStudioVersion = 10.0.40219.1
Project("{FAE04EC0-301F-11D3-BF4B-00C04F79EFBC}") = "PortalNauchnyhPublikatsiy.Web", "PortalNauchnyhPublikatsiy\PortalNauchnyhPublikatsiy.Web.csproj", "{3D9EB892-DFD1-4E8A-8EAD-F5C982E3B354}"
EndProject
Project("{FAE04EC0-301F-11D3-BF4B-00C04F79EFBC}") = "PortalNauchnyhPublikatsiy.Domain", "PortalNauchnyhPublikatsiy.Domain\PortalNauchnyhPublikatsiy.Domain.csproj", "{5C301FBD-2B23-47C6-9F05-88D6254281A6}"
EndProject
Project("{FAE04EC0-301F-11D3-BF4B-00C04F79EFBC}") = "PortalNauchnyhPublikatsiy.Application", "PortalNauchnyhPublikatsiy.Application\PortalNauchnyhPublikatsiy.Application.csproj", "{269B97B9-01C0-4E2D-843F-B7CFBD7F1708}"
EndProject
Project("{FAE04EC0-301F-11D3-BF4B-00C04F79EFBC}") = "PortalNauchnyhPublikatsiy.Infrastructure", "PortalNauchnyhPublikatsiy.Infrastructure\PortalNauchnyhPublikatsiy.Infrastructure.csproj", "{64C14E35-36B3-44E5-85A6-1960870A0814}"
EndProject
Global
	GlobalSection(SolutionConfigurationPlatforms) = preSolution
		Debug|Any CPU = Debug|Any CPU
		Release|Any CPU = Release|Any CPU
	EndGlobalSection
	GlobalSection(ProjectConfigurationPlatforms) = postSolution
		{3D9EB892-DFD1-4E8A-8EAD-F5C982E3B354}.Debug|Any CPU.ActiveCfg = Debug|Any CPU
		{3D9EB892-DFD1-4E8A-8EAD-F5C982E3B354}.Debug|Any CPU.Build.0 = Debug|Any CPU
		{3D9EB892-DFD1-4E8A-8EAD-F5C982E3B354}.Release|Any CPU.ActiveCfg = Release|Any CPU
		{3D9EB892-DFD1-4E8A-8EAD-F5C982E3B354}.Release|Any CPU.Build.0 = Release|Any CPU
		{5C301FBD-2B23-47C6-9F05-88D6254281A6}.Debug|Any CPU.ActiveCfg = Debug|Any CPU
		{5C301FBD-2B23-47C6-9F05-88D6254281A6}.Debug|Any CPU.Build.0 = Debug|Any CPU
		{5C301FBD-2B23-47C6-9F05-88D6254281A6}.Release|Any CPU.ActiveCfg = Release|Any CPU
		{5C301FBD-2B23-47C6-9F05-88D6254281A6}.Release|Any CPU.Build.0 = Release|Any CPU
		{269B97B9-01C0-4E2D-843F-B7CFBD7F1708}.Debug|Any CPU.ActiveCfg = Debug|Any CPU
		{269B97B9-01C0-4E2D-843F-B7CFBD7F1708}.Debug|Any CPU.Build.0 = Debug|Any CPU
		{269B97B9-01C0-4E2D-843F-B7CFBD7F1708}.Release|Any CPU.ActiveCfg = Release|Any CPU
		{269B97B9-01C0-4E2D-843F-B7CFBD7F1708}.Release|Any CPU.Build.0 = Release|Any CPU
		{64C14E35-36B3-44E5-85A6-1960870A0814}.Debug|Any CPU.ActiveCfg = Debug|Any CPU
		{64C14E35-36B3-44E5-85A6-1960870A0814}.Debug|Any CPU.Build.0 = Debug|Any CPU
		{64C14E35-36B3-44E5-85A6-1960870A0814}.Release|Any CPU.ActiveCfg = Release|Any CPU
		{64C14E35-36B3-44E5-85A6-1960870A0814}.Release|Any CPU.Build.0 = Release|Any CPU
	EndGlobalSection
	GlobalSection(SolutionProperties) = preSolution
		HideSolutionNode = FALSE
	EndGlobalSection
	GlobalSection(ExtensibilityGlobals) = postSolution
		SolutionGuid = {A37DFA0F-471A-4614-9822-8C6FB3ED367A}
	EndGlobalSection
EndGlobal
